
Microsoft Visual Studio Solution File, Format Version 11.00
# Visual Studio 2010
Project("{8BC9CEB8-8B4A-11D0-8D11-00A0C91BC942}") = "libbvg", "libbvg.vcxproj", "{CD19265C-388F-48AD-BF8C-AE7504D2E313}"
EndProject
Project("{8BC9CEB8-8B4A-11D0-8D11-00A0C91BC942}") = "bvpagerank", "tools\bvpagerank\bvpagerank.vcxproj", "{F890FA0D-6CCF-473B-8DEE-5729F53A33E1}"
EndProject
Project("{8BC9CEB8-8B4A-11D0-8D11-00A0C91BC942}") = "test_eflist", "test\msvc-projects\test_eflist\test_eflist\test_eflist.vcxproj", "{A475D1F4-2F52-47E3-9D14-924216CF30DF}"
	ProjectSection(ProjectDependencies) = postProject
		{CD19265C-388F-48AD-BF8C-AE7504D2E313} = {CD19265C-388F-48AD-BF8C-AE7504D2E313}
	EndProjectSection
EndProject
Project("{8BC9CEB8-8B4A-11D0-8D11-00A0C91BC942}") = "eflist_perf", "test\msvc-projects\eflist_perf\eflist_perf.vcxproj", "{5746EB3E-6AA7-4710-A292-DB9C9A9EF74A}"
EndProject
Global
	GlobalSection(SolutionConfigurationPlatforms) = preSolution
		Debug|Win32 = Debug|Win32
		Debug|x64 = Debug|x64
		Release|Win32 = Release|Win32
		Release|x64 = Release|x64
	EndGlobalSection
	GlobalSection(ProjectConfigurationPlatforms) = postSolution
		{CD19265C-388F-48AD-BF8C-AE7504D2E313}.Debug|Win32.ActiveCfg = Debug|Win32
		{CD19265C-388F-48AD-BF8C-AE7504D2E313}.Debug|Win32.Build.0 = Debug|Win32
		{CD19265C-388F-48AD-BF8C-AE7504D2E313}.Debug|x64.ActiveCfg = Debug|x64
		{CD19265C-388F-48AD-BF8C-AE7504D2E313}.Debug|x64.Build.0 = Debug|x64
		{CD19265C-388F-48AD-BF8C-AE7504D2E313}.Release|Win32.ActiveCfg = Release|Win32
		{CD19265C-388F-48AD-BF8C-AE7504D2E313}.Release|Win32.Build.0 = Release|Win32
		{CD19265C-388F-48AD-BF8C-AE7504D2E313}.Release|x64.ActiveCfg = Release|x64
		{CD19265C-388F-48AD-BF8C-AE7504D2E313}.Release|x64.Build.0 = Release|x64
		{F890FA0D-6CCF-473B-8DEE-5729F53A33E1}.Debug|Win32.ActiveCfg = Debug|Win32
		{F890FA0D-6CCF-473B-8DEE-5729F53A33E1}.Debug|Win32.Build.0 = Debug|Win32
		{F890FA0D-6CCF-473B-8DEE-5729F53A33E1}.Debug|x64.ActiveCfg = Debug|x64
		{F890FA0D-6CCF-473B-8DEE-5729F53A33E1}.Debug|x64.Build.0 = Debug|x64
		{F890FA0D-6CCF-473B-8DEE-5729F53A33E1}.Release|Win32.ActiveCfg = Release|Win32
		{F890FA0D-6CCF-473B-8DEE-5729F53A33E1}.Release|Win32.Build.0 = Release|Win32
		{F890FA0D-6CCF-473B-8DEE-5729F53A33E1}.Release|x64.ActiveCfg = Release|x64
		{F890FA0D-6CCF-473B-8DEE-5729F53A33E1}.Release|x64.Build.0 = Release|x64
		{A475D1F4-2F52-47E3-9D14-924216CF30DF}.Debug|Win32.ActiveCfg = Debug|Win32
		{A475D1F4-2F52-47E3-9D14-924216CF30DF}.Debug|Win32.Build.0 = Debug|Win32
		{A475D1F4-2F52-47E3-9D14-924216CF30DF}.Debug|x64.ActiveCfg = Debug|x64
		{A475D1F4-2F52-47E3-9D14-924216CF30DF}.Debug|x64.Build.0 = Debug|x64
		{A475D1F4-2F52-47E3-9D14-924216CF30DF}.Release|Win32.ActiveCfg = Release|Win32
		{A475D1F4-2F52-47E3-9D14-924216CF30DF}.Release|Win32.Build.0 = Release|Win32
		{A475D1F4-2F52-47E3-9D14-924216CF30DF}.Release|x64.ActiveCfg = Release|Win32
		{5746EB3E-6AA7-4710-A292-DB9C9A9EF74A}.Debug|Win32.ActiveCfg = Debug|Win32
		{5746EB3E-6AA7-4710-A292-DB9C9A9EF74A}.Debug|Win32.Build.0 = Debug|Win32
		{5746EB3E-6AA7-4710-A292-DB9C9A9EF74A}.Debug|x64.ActiveCfg = Debug|x64
		{5746EB3E-6AA7-4710-A292-DB9C9A9EF74A}.Debug|x64.Build.0 = Debug|x64
		{5746EB3E-6AA7-4710-A292-DB9C9A9EF74A}.Release|Win32.ActiveCfg = Release|Win32
		{5746EB3E-6AA7-4710-A292-DB9C9A9EF74A}.Release|Win32.Build.0 = Release|Win32
		{5746EB3E-6AA7-4710-A292-DB9C9A9EF74A}.Release|x64.ActiveCfg = Release|Win32
	EndGlobalSection
	GlobalSection(SolutionProperties) = preSolution
		HideSolutionNode = FALSE
	EndGlobalSection
EndGlobal
